// !$*UTF8*$!
{
	archiveVersion = 1;
	classes = {
	};
	objectVersion = 46;
	objects = {

/* Begin PBXBuildFile section */
		DD5F00A51E017402005F280E /* AppDelegate.swift in Sources */ = {isa = PBXBuildFile; fileRef = DD5F00A41E017402005F280E /* AppDelegate.swift */; };
		DD5F00AA1E017402005F280E /* Main.storyboard in Resources */ = {isa = PBXBuildFile; fileRef = DD5F00A81E017402005F280E /* Main.storyboard */; };
		DD5F00AC1E017402005F280E /* Assets.xcassets in Resources */ = {isa = PBXBuildFile; fileRef = DD5F00AB1E017402005F280E /* Assets.xcassets */; };
		DD5F00AF1E017402005F280E /* LaunchScreen.storyboard in Resources */ = {isa = PBXBuildFile; fileRef = DD5F00AD1E017402005F280E /* LaunchScreen.storyboard */; };
		DD5F00B81E017437005F280E /* MoveTextFieldViewController.swift in Sources */ = {isa = PBXBuildFile; fileRef = DD5F00B61E017437005F280E /* MoveTextFieldViewController.swift */; };
		DD5F00B91E017437005F280E /* MoveTextFieldViewController.xib in Resources */ = {isa = PBXBuildFile; fileRef = DD5F00B71E017437005F280E /* MoveTextFieldViewController.xib */; };
/* End PBXBuildFile section */

/* Begin PBXFileReference section */
		DD5F00A11E017402005F280E /* TryUI.app */ = {isa = PBXFileReference; explicitFileType = wrapper.application; includeInIndex = 0; path = TryUI.app; sourceTree = BUILT_PRODUCTS_DIR; };
		DD5F00A41E017402005F280E /* AppDelegate.swift */ = {isa = PBXFileReference; lastKnownFileType = sourcecode.swift; path = AppDelegate.swift; sourceTree = "<group>"; };
		DD5F00A91E017402005F280E /* Base */ = {isa = PBXFileReference; lastKnownFileType = file.storyboard; name = Base; path = Base.lproj/Main.storyboard; sourceTree = "<group>"; };
		DD5F00AB1E017402005F280E /* Assets.xcassets */ = {isa = PBXFileReference; lastKnownFileType = folder.assetcatalog; path = Assets.xcassets; sourceTree = "<group>"; };
		DD5F00AE1E017402005F280E /* Base */ = {isa = PBXFileReference; lastKnownFileType = file.storyboard; name = Base; path = Base.lproj/LaunchScreen.storyboard; sourceTree = "<group>"; };
		DD5F00B01E017402005F280E /* Info.plist */ = {isa = PBXFileReference; lastKnownFileType = text.plist.xml; path = Info.plist; sourceTree = "<group>"; };
		DD5F00B61E017437005F280E /* MoveTextFieldViewController.swift */ = {isa = PBXFileReference; fileEncoding = 4; lastKnownFileType = sourcecode.swift; path = MoveTextFieldViewController.swift; sourceTree = "<group>"; };
		DD5F00B71E017437005F280E /* MoveTextFieldViewController.xib */ = {isa = PBXFileReference; fileEncoding = 4; lastKnownFileType = file.xib; path = MoveTextFieldViewController.xib; sourceTree = "<group>"; };
/* End PBXFileReference section */

/* Begin PBXFrameworksBuildPhase section */
		DD5F009E1E017402005F280E /* Frameworks */ = {
			isa = PBXFrameworksBuildPhase;
			buildActionMask = 2147483647;
			files = (
			);
			runOnlyForDeploymentPostprocessing = 0;
		};
/* End PBXFrameworksBuildPhase section */

/* Begin PBXGroup section */
		DD5F00981E017402005F280E = {
			isa = PBXGroup;
			children = (
				DD5F00A31E017402005F280E /* TryUI */,
				DD5F00A21E017402005F280E /* Products */,
			);
			sourceTree = "<group>";
		};
		DD5F00A21E017402005F280E /* Products */ = {
			isa = PBXGroup;
			children = (
				DD5F00A11E017402005F280E /* TryUI.app */,
			);
			name = Products;
			sourceTree = "<group>";
		};
		DD5F00A31E017402005F280E /* TryUI */ = {
			isa = PBXGroup;
			children = (
				DD5F00A41E017402005F280E /* AppDelegate.swift */,
				DD5F00B61E017437005F280E /* MoveTextFieldViewController.swift */,
				DD5F00B71E017437005F280E /* MoveTextFieldViewController.xib */,
				DD5F00A81E017402005F280E /* Main.storyboard */,
				DD5F00AB1E017402005F280E /* Assets.xcassets */,
				DD5F00AD1E017402005F280E /* LaunchScreen.storyboard */,
				DD5F00B01E017402005F280E /* Info.plist */,
			);
			path = TryUI;
			sourceTree = "<group>";
		};
/* End PBXGroup section */

/* Begin PBXNativeTarget section */
		DD5F00A01E017402005F280E /* TryUI */ = {
			isa = PBXNativeTarget;
			buildConfigurationList = DD5F00B31E017402005F280E /* Build configuration list for PBXNativeTarget "TryUI" */;
			buildPhases = (
				DD5F009D1E017402005F280E /* Sources */,
				DD5F009E1E017402005F280E /* Frameworks */,
				DD5F009F1E017402005F280E /* Resources */,
			);
			buildRules = (
			);
			dependencies = (
			);
			name = TryUI;
			productName = TryUI;
			productReference = DD5F00A11E017402005F280E /* TryUI.app */;
			productType = "com.apple.product-type.application";
		};
/* End PBXNativeTarget section */

/* Begin PBXProject section */
		DD5F00991E017402005F280E /* Project object */ = {
			isa = PBXProject;
			attributes = {
				LastSwiftUpdateCheck = 0810;
				LastUpgradeCheck = 0810;
				ORGANIZATIONNAME = "清水一貴";
				TargetAttributes = {
					DD5F00A01E017402005F280E = {
						CreatedOnToolsVersion = 8.1;
						ProvisioningStyle = Automatic;
					};
				};
			};
			buildConfigurationList = DD5F009C1E017402005F280E /* Build configuration list for PBXProject "TryUI" */;
			compatibilityVersion = "Xcode 3.2";
			developmentRegion = English;
			hasScannedForEncodings = 0;
			knownRegions = (
				en,
				Base,
			);
			mainGroup = DD5F00981E017402005F280E;
			productRefGroup = DD5F00A21E017402005F280E /* Products */;
			projectDirPath = "";
			projectRoot = "";
			targets = (
				DD5F00A01E017402005F280E /* TryUI */,
			);
		};
/* End PBXProject section */

/* Begin PBXResourcesBuildPhase section */
		DD5F009F1E017402005F280E /* Resources */ = {
			isa = PBXResourcesBuildPhase;
			buildActionMask = 2147483647;
			files = (
				DD5F00AF1E017402005F280E /* LaunchScreen.storyboard in Resources */,
				DD5F00AC1E017402005F280E /* Assets.xcassets in Resources */,
				DD5F00AA1E017402005F280E /* Main.storyboard in Resources */,
				DD5F00B91E017437005F280E /* MoveTextFieldViewController.xib in Resources */,
			);
			runOnlyForDeploymentPostprocessing = 0;
		};
/* End PBXResourcesBuildPhase section */

/* Begin PBXSourcesBuildPhase section */
		DD5F009D1E017402005F280E /* Sources */ = {
			isa = PBXSourcesBuildPhase;
			buildActionMask = 2147483647;
			files = (
				DD5F00A51E017402005F280E /* AppDelegate.swift in Sources */,
				DD5F00B81E017437005F280E /* MoveTextFieldViewController.swift in Sources */,
			);
			runOnlyForDeploymentPostprocessing = 0;
		};
/* End PBXSourcesBuildPhase section */

/* Begin PBXVariantGroup section */
		DD5F00A81E017402005F280E /* Main.storyboard */ = {
			isa = PBXVariantGroup;
			children = (
				DD5F00A91E017402005F280E /* Base */,
			);
			name = Main.storyboard;
			sourceTree = "<group>";
		};
		DD5F00AD1E017402005F280E /* LaunchScreen.storyboard */ = {
			isa = PBXVariantGroup;
			children = (
				DD5F00AE1E017402005F280E /* Base */,
			);
			name = LaunchScreen.storyboard;
			sourceTree = "<group>";
		};
/* End PBXVariantGroup section */

/* Begin XCBuildConfiguration section */
		DD5F00B11E017402005F280E /* Debug */ = {
			isa = XCBuildConfiguration;
			buildSettings = {
				ALWAYS_SEARCH_USER_PATHS = NO;
				CLANG_ANALYZER_NONNULL = YES;
				CLANG_CXX_LANGUAGE_STANDARD = "gnu++0x";
				CLANG_CXX_LIBRARY = "libc++";
				CLANG_ENABLE_MODULES = YES;
				CLANG_ENABLE_OBJC_ARC = YES;
				CLANG_WARN_BOOL_CONVERSION = YES;
				CLANG_WARN_CONSTANT_CONVERSION = YES;
				CLANG_WARN_DIRECT_OBJC_ISA_USAGE = YES_ERROR;
				CLANG_WARN_DOCUMENTATION_COMMENTS = YES;
				CLANG_WARN_EMPTY_BODY = YES;
				CLANG_WARN_ENUM_CONVERSION = YES;
				CLANG_WARN_INFINITE_RECURSION = YES;
				CLANG_WARN_INT_CONVERSION = YES;
				CLANG_WARN_OBJC_ROOT_CLASS = YES_ERROR;
				CLANG_WARN_SUSPICIOUS_MOVES = YES;
				CLANG_WARN_UNREACHABLE_CODE = YES;
				CLANG_WARN__DUPLICATE_METHOD_MATCH = YES;
				"CODE_SIGN_IDENTITY[sdk=iphoneos*]" = "iPhone Developer";
				COPY_PHASE_STRIP = NO;
				DEBUG_INFORMATION_FORMAT = dwarf;
				ENABLE_STRICT_OBJC_MSGSEND = YES;
				ENABLE_TESTABILITY = YES;
				GCC_C_LANGUAGE_STANDARD = gnu99;
				GCC_DYNAMIC_NO_PIC = NO;
				GCC_NO_COMMON_BLOCKS = YES;
				GCC_OPTIMIZATION_LEVEL = 0;
				GCC_PREPROCESSOR_DEFINITIONS = (
					"DEBUG=1",
					"$(inherited)",
				);
				GCC_WARN_64_TO_32_BIT_CONVERSION = YES;
				GCC_WARN_ABOUT_RETURN_TYPE = YES_ERROR;
				GCC_WARN_UNDECLARED_SELECTOR = YES;
				GCC_WARN_UNINITIALIZED_AUTOS = YES_AGGRESSIVE;
				GCC_WARN_UNUSED_FUNCTION = YES;
				GCC_WARN_UNUSED_VARIABLE = YES;
				IPHONEOS_DEPLOYMENT_TARGET = 10.1;
				MTL_ENABLE_DEBUG_INFO = YES;
				ONLY_ACTIVE_ARCH = YES;
				SDKROOT = iphoneos;
				SWIFT_ACTIVE_COMPILATION_CONDITIONS = DEBUG;
				SWIFT_OPTIMIZATION_LEVEL = "-Onone";
				TARGETED_DEVICE_FAMILY = "1,2";
			};
			name = Debug;
		};
		DD5F00B21E017402005F280E /* Release */ = {
			isa = XCBuildConfiguration;
			buildSettings = {
				ALWAYS_SEARCH_USER_PATHS = NO;
				CLANG_ANALYZER_NONNULL = YES;
				CLANG_CXX_LANGUAGE_STANDARD = "gnu++0x";
				CLANG_CXX_LIBRARY = "libc++";
				CLANG_ENABLE_MODULES = YES;
				CLANG_ENABLE_OBJC_ARC = YES;
				CLANG_WARN_BOOL_CONVERSION = YES;
				CLANG_WARN_CONSTANT_CONVERSION = YES;
				CLANG_WARN_DIRECT_OBJC_ISA_USAGE = YES_ERROR;
				CLANG_WARN_DOCUMENTATION_COMMENTS = YES;
				CLANG_WARN_EMPTY_BODY = YES;
				CLANG_WARN_ENUM_CONVERSION = YES;
				CLANG_WARN_INFINITE_RECURSION = YES;
				CLANG_WARN_INT_CONVERSION = YES;
				CLANG_WARN_OBJC_ROOT_CLASS = YES_ERROR;
				CLANG_WARN_SUSPICIOUS_MOVES = YES;
				CLANG_WARN_UNREACHABLE_CODE = YES;
				CLANG_WARN__DUPLICATE_METHOD_MATCH = YES;
				"CODE_SIGN_IDENTITY[sdk=iphoneos*]" = "iPhone Developer";
				COPY_PHASE_STRIP = NO;
				DEBUG_INFORMATION_FORMAT = "dwarf-with-dsym";
				ENABLE_NS_ASSERTIONS = NO;
				ENABLE_STRICT_OBJC_MSGSEND = YES;
				GCC_C_LANGUAGE_STANDARD = gnu99;
				GCC_NO_COMMON_BLOCKS = YES;
				GCC_WARN_64_TO_32_BIT_CONVERSION = YES;
				GCC_WARN_ABOUT_RETURN_TYPE = YES_ERROR;
				GCC_WARN_UNDECLARED_SELECTOR = YES;
				GCC_WARN_UNINITIALIZED_AUTOS = YES_AGGRESSIVE;
				GCC_WARN_UNUSED_FUNCTION = YES;
				GCC_WARN_UNUSED_VARIABLE = YES;
				IPHONEOS_DEPLOYMENT_TARGET = 10.1;
				MTL_ENABLE_DEBUG_INFO = NO;
				SDKROOT = iphoneos;
				SWIFT_OPTIMIZATION_LEVEL = "-Owholemodule";
				TARGETED_DEVICE_FAMILY = "1,2";
				VALIDATE_PRODUCT = YES;
			};
			name = Release;
		};
		DD5F00B41E017402005F280E /* Debug */ = {
			isa = XCBuildConfiguration;
			buildSettings = {
				ASSETCATALOG_COMPILER_APPICON_NAME = AppIcon;
				INFOPLIST_FILE = TryUI/Info.plist;
				LD_RUNPATH_SEARCH_PATHS = "$(inherited) @executable_path/Frameworks";
				PRODUCT_BUNDLE_IDENTIFIER = com.dotinstall.TryUI;
				PRODUCT_NAME = "$(TARGET_NAME)";
				SWIFT_VERSION = 3.0;
			};
			name = Debug;
		};
		DD5F00B51E017402005F280E /* Release */ = {
			isa = XCBuildConfiguration;
			buildSettings = {
				ASSETCATALOG_COMPILER_APPICON_NAME = AppIcon;
				INFOPLIST_FILE = TryUI/Info.plist;
				LD_RUNPATH_SEARCH_PATHS = "$(inherited) @executable_path/Frameworks";
				PRODUCT_BUNDLE_IDENTIFIER = com.dotinstall.TryUI;
				PRODUCT_NAME = "$(TARGET_NAME)";
				SWIFT_VERSION = 3.0;
			};
			name = Release;
		};
/* End XCBuildConfiguration section */

/* Begin XCConfigurationList section */
		DD5F009C1E017402005F280E /* Build configuration list for PBXProject "TryUI" */ = {
			isa = XCConfigurationList;
			buildConfigurations = (
				DD5F00B11E017402005F280E /* Debug */,
				DD5F00B21E017402005F280E /* Release */,
			);
			defaultConfigurationIsVisible = 0;
			defaultConfigurationName = Release;
		};
		DD5F00B31E017402005F280E /* Build configuration list for PBXNativeTarget "TryUI" */ = {
			isa = XCConfigurationList;
			buildConfigurations = (
				DD5F00B41E017402005F280E /* Debug */,
				DD5F00B51E017402005F280E /* Release */,
			);
			defaultConfigurationIsVisible = 0;
		};
/* End XCConfigurationList section */
	};
	rootObject = DD5F00991E017402005F280E /* Project object */;
}
